
Microsoft Visual Studio Solution File, Format Version 12.00
# Visual Studio 2013
VisualStudioVersion = 12.0.31101.0
MinimumVisualStudioVersion = 10.0.40219.1
Project("{FAE04EC0-301F-11D3-BF4B-00C04F79EFBC}") = "Shapes", "Shapes\Shapes.csproj", "{650D120B-37DB-4F96-AF01-EA677F535C7C}"
EndProject
Project("{FAE04EC0-301F-11D3-BF4B-00C04F79EFBC}") = "BankOfKurtovoKonare", "BankOfKurtovoKonare\BankOfKurtovoKonare.csproj", "{CCA594C9-2EFC-476A-AAAC-5F175626C2B2}"
EndProject
Global
	GlobalSection(SolutionConfigurationPlatforms) = preSolution
		Debug|Any CPU = Debug|Any CPU
		Release|Any CPU = Release|Any CPU
	EndGlobalSection
	GlobalSection(ProjectConfigurationPlatforms) = postSolution
		{650D120B-37DB-4F96-AF01-EA677F535C7C}.Debug|Any CPU.ActiveCfg = Debug|Any CPU
		{650D120B-37DB-4F96-AF01-EA677F535C7C}.Debug|Any CPU.Build.0 = Debug|Any CPU
		{650D120B-37DB-4F96-AF01-EA677F535C7C}.Release|Any CPU.ActiveCfg = Release|Any CPU
		{650D120B-37DB-4F96-AF01-EA677F535C7C}.Release|Any CPU.Build.0 = Release|Any CPU
		{CCA594C9-2EFC-476A-AAAC-5F175626C2B2}.Debug|Any CPU.ActiveCfg = Debug|Any CPU
		{CCA594C9-2EFC-476A-AAAC-5F175626C2B2}.Debug|Any CPU.Build.0 = Debug|Any CPU
		{CCA594C9-2EFC-476A-AAAC-5F175626C2B2}.Release|Any CPU.ActiveCfg = Release|Any CPU
		{CCA594C9-2EFC-476A-AAAC-5F175626C2B2}.Release|Any CPU.Build.0 = Release|Any CPU
	EndGlobalSection
	GlobalSection(SolutionProperties) = preSolution
		HideSolutionNode = FALSE
	EndGlobalSection
EndGlobal
