
Microsoft Visual Studio Solution File, Format Version 12.00
# Visual Studio 2013
VisualStudioVersion = 12.0.31101.0
MinimumVisualStudioVersion = 10.0.40219.1
Project("{FAE04EC0-301F-11D3-BF4B-00C04F79EFBC}") = "Persons", "Persons\Persons.csproj", "{251F351F-48C8-42F7-8555-CEA987EC97F9}"
EndProject
Project("{FAE04EC0-301F-11D3-BF4B-00C04F79EFBC}") = "LaptopStore", "LaptopStore\LaptopStore.csproj", "{63D1C1B4-FE7B-4940-8339-5FDB58CEC4F1}"
EndProject
Project("{FAE04EC0-301F-11D3-BF4B-00C04F79EFBC}") = "PCCatalog", "PCCatalog\PCCatalog.csproj", "{60CC10FB-4F69-468C-8341-7E5D63740184}"
EndProject
Global
	GlobalSection(SolutionConfigurationPlatforms) = preSolution
		Debug|Any CPU = Debug|Any CPU
		Release|Any CPU = Release|Any CPU
	EndGlobalSection
	GlobalSection(ProjectConfigurationPlatforms) = postSolution
		{251F351F-48C8-42F7-8555-CEA987EC97F9}.Debug|Any CPU.ActiveCfg = Debug|Any CPU
		{251F351F-48C8-42F7-8555-CEA987EC97F9}.Debug|Any CPU.Build.0 = Debug|Any CPU
		{251F351F-48C8-42F7-8555-CEA987EC97F9}.Release|Any CPU.ActiveCfg = Release|Any CPU
		{251F351F-48C8-42F7-8555-CEA987EC97F9}.Release|Any CPU.Build.0 = Release|Any CPU
		{63D1C1B4-FE7B-4940-8339-5FDB58CEC4F1}.Debug|Any CPU.ActiveCfg = Debug|Any CPU
		{63D1C1B4-FE7B-4940-8339-5FDB58CEC4F1}.Debug|Any CPU.Build.0 = Debug|Any CPU
		{63D1C1B4-FE7B-4940-8339-5FDB58CEC4F1}.Release|Any CPU.ActiveCfg = Release|Any CPU
		{63D1C1B4-FE7B-4940-8339-5FDB58CEC4F1}.Release|Any CPU.Build.0 = Release|Any CPU
		{60CC10FB-4F69-468C-8341-7E5D63740184}.Debug|Any CPU.ActiveCfg = Debug|Any CPU
		{60CC10FB-4F69-468C-8341-7E5D63740184}.Debug|Any CPU.Build.0 = Debug|Any CPU
		{60CC10FB-4F69-468C-8341-7E5D63740184}.Release|Any CPU.ActiveCfg = Release|Any CPU
		{60CC10FB-4F69-468C-8341-7E5D63740184}.Release|Any CPU.Build.0 = Release|Any CPU
	EndGlobalSection
	GlobalSection(SolutionProperties) = preSolution
		HideSolutionNode = FALSE
	EndGlobalSection
EndGlobal
